{
  "name": "create-kudzu",
  "version": "0.1.131",
  "lockfileVersion": 3,
  "requires": true,
  "packages": {
    "": {
      "name": "create-kudzu",
      "version": "0.1.131",
      "license": "MIT",
      "bin": {
        "create-kudzu": "index.mjs"
      },
      "engines": {
        "node": ">=22"
      }
    }
  }
}
